# THIS IS AN AUTOGENERATED FILE. DO NOT EDIT THIS FILE DIRECTLY.
# yarn lockfile v1


"@edge-runtime/format@2.0.1":
  version "2.0.1"
  resolved "https://registry.yarnpkg.com/@edge-runtime/format/-/format-2.0.1.tgz#765295809ff6a0938da739e13ef327d95a418395"
  integrity sha512-aE+9DtBvQyg349srixtXEUNauWtIv5HTKPy8Q9dvG1NvpldVIvvhcDBI+SuvDVM8kQl8phbYnp2NTNloBCn/Yg==

"@edge-runtime/primitives@2.1.2":
  version "2.1.2"
  resolved "https://registry.yarnpkg.com/@edge-runtime/primitives/-/primitives-2.1.2.tgz#8ff657f12a7f8c7fc4e3a0c10ec19356ef2d656d"
  integrity sha512-SR04SMDybALlhIYIi0hiuEUwIl0b7Sn+RKwQkX6hydg4+AKMzBNDFhj2nqHDD1+xkHArV9EhmJIb6iGjShwSzg==

"@edge-runtime/vm@2.1.2":
  version "2.1.2"
  resolved "https://registry.yarnpkg.com/@edge-runtime/vm/-/vm-2.1.2.tgz#d760ce27b659c17c470b23453321769c08d213f5"
  integrity sha512-j4H5S26NJhYOyjVMN8T/YJuwwslfnEX1P0j6N2Rq1FaubgNowdYunA9nlO7lg8Rgjv6dqJ2zKuM7GD1HFtNSGw==
  dependencies:
    "@edge-runtime/primitives" "2.1.2"

convert-hrtime@^3.0.0:
  version "3.0.0"
  resolved "https://registry.yarnpkg.com/convert-hrtime/-/convert-hrtime-3.0.0.tgz#62c7593f5809ca10be8da858a6d2f702bcda00aa"
  integrity sha512-7V+KqSvMiHp8yWDuwfww06XleMWVVB9b9tURBx+G7UTADuo5hYPuowKloz4OzOqbPezxgo+fdQ1522WzPG4OeA==

dotenv@^16.0.3:
  version "16.0.3"
  resolved "https://registry.yarnpkg.com/dotenv/-/dotenv-16.0.3.tgz#115aec42bac5053db3c456db30cc243a5a836a07"
  integrity sha512-7GO6HghkA5fYG9TYnNxi14/7K9f5occMlp3zXAuSxn7CKCxt9xbNWG7yF8hTCSUchlfWSe3uLmlPfigevRItzQ==

edge-runtime@^2.1.2:
  version "2.1.2"
  resolved "https://registry.yarnpkg.com/edge-runtime/-/edge-runtime-2.1.2.tgz#2f5862949e1f43235834c9a997ddcd5af78eecf2"
  integrity sha512-Y6QtWVM+SBd89eN04b64TuEdxZ9nwLwwsgPfu0SZ0hlZmBpiOKjgPdZp3mexDnu+ftS+XJjydDppukRkYkL45Q==
  dependencies:
    "@edge-runtime/format" "2.0.1"
    "@edge-runtime/vm" "2.1.2"
    exit-hook "2.2.1"
    mri "1.2.0"
    picocolors "1.0.0"
    pretty-bytes "5.6.0"
    pretty-ms "7.0.1"
    time-span "4.0.0"

exit-hook@2.2.1:
  version "2.2.1"
  resolved "https://registry.yarnpkg.com/exit-hook/-/exit-hook-2.2.1.tgz#007b2d92c6428eda2b76e7016a34351586934593"
  integrity sha512-eNTPlAD67BmP31LDINZ3U7HSF8l57TxOY2PmBJ1shpCvpnxBF93mWCE8YHBnXs8qiUZJc9WDcWIeC3a2HIAMfw==

fsevents@~2.3.2:
  version "2.3.2"
  resolved "https://registry.yarnpkg.com/fsevents/-/fsevents-2.3.2.tgz#8a526f78b8fdf4623b709e0b975c52c24c02fd1a"
  integrity sha512-xiqMQR4xAeHTuB9uWm+fFRcIOgKBMiOBP+eXiyT7jsgVCq1bkVygt00oASowB7EdtpOHaaPgKt812P9ab+DDKA==

mri@1.2.0:
  version "1.2.0"
  resolved "https://registry.yarnpkg.com/mri/-/mri-1.2.0.tgz#6721480fec2a11a4889861115a48b6cbe7cc8f0b"
  integrity sha512-tzzskb3bG8LvYGFF/mDTpq3jpI6Q9wc3LEmBaghu+DdCssd1FakN7Bc0hVNmEyGq1bq3RgfkCb3cmQLpNPOroA==

parse-ms@^2.1.0:
  version "2.1.0"
  resolved "https://registry.yarnpkg.com/parse-ms/-/parse-ms-2.1.0.tgz#348565a753d4391fa524029956b172cb7753097d"
  integrity sha512-kHt7kzLoS9VBZfUsiKjv43mr91ea+U05EyKkEtqp7vNbHxmaVuEqN7XxeEVnGrMtYOAxGrDElSi96K7EgO1zCA==

picocolors@1.0.0:
  version "1.0.0"
  resolved "https://registry.yarnpkg.com/picocolors/-/picocolors-1.0.0.tgz#cb5bdc74ff3f51892236eaf79d68bc44564ab81c"
  integrity sha512-1fygroTLlHu66zi26VoTDv8yRgm0Fccecssto+MhsZ0D/DGW2sm8E8AjW7NU5VVTRt5GxbeZ5qBuJr+HyLYkjQ==

pretty-bytes@5.6.0:
  version "5.6.0"
  resolved "https://registry.yarnpkg.com/pretty-bytes/-/pretty-bytes-5.6.0.tgz#356256f643804773c82f64723fe78c92c62beaeb"
  integrity sha512-FFw039TmrBqFK8ma/7OL3sDz/VytdtJr044/QUJtH0wK9lb9jLq9tJyIxUwtQJHwar2BqtiA4iCWSwo9JLkzFg==

pretty-ms@7.0.1:
  version "7.0.1"
  resolved "https://registry.yarnpkg.com/pretty-ms/-/pretty-ms-7.0.1.tgz#7d903eaab281f7d8e03c66f867e239dc32fb73e8"
  integrity sha512-973driJZvxiGOQ5ONsFhOF/DtzPMOMtgC11kCpUrPGMTgqp2q/1gwzCquocrN33is0VZ5GFHXZYMM9l6h67v2Q==
  dependencies:
    parse-ms "^2.1.0"

rollup@^3.19.1:
  version "3.19.1"
  resolved "https://registry.yarnpkg.com/rollup/-/rollup-3.19.1.tgz#2b3a31ac1ff9f3afab2e523fa687fef5b0ee20fc"
  integrity sha512-lAbrdN7neYCg/8WaoWn/ckzCtz+jr70GFfYdlf50OF7387HTg+wiuiqJRFYawwSPpqfqDNYqK7smY/ks2iAudg==
  optionalDependencies:
    fsevents "~2.3.2"

time-span@4.0.0:
  version "4.0.0"
  resolved "https://registry.yarnpkg.com/time-span/-/time-span-4.0.0.tgz#fe74cd50a54e7998712f90ddfe47109040c985c4"
  integrity sha512-MyqZCTGLDZ77u4k+jqg4UlrzPTPZ49NDlaekU6uuFaJLzPIN1woaRXCbGeqOfxwc3Y37ZROGAJ614Rdv7Olt+g==
  dependencies:
    convert-hrtime "^3.0.0"

to-readable-stream@^4.0.0:
  version "4.0.0"
  resolved "https://registry.yarnpkg.com/to-readable-stream/-/to-readable-stream-4.0.0.tgz#960db75e322f2db7898761ca6a379c4b5bbab1e7"
  integrity sha512-b39z6yUzkmzZXTNlKZoLo1kIPXJDioGSMMX4ydudA3XX8M/AjcsPdJRVz2zbrGZoekhkMlz6qYok2iVdlMH/yQ==
